
Microsoft Visual Studio Solution File, Format Version 12.00
# Visual Studio Version 16
VisualStudioVersion = 16.0.29728.190
MinimumVisualStudioVersion = 10.0.40219.1
Project("{FAE04EC0-301F-11D3-BF4B-00C04F79EFBC}") = "FinalExam", "FinalExam\FinalExam.csproj", "{48A1B186-7E08-4E4A-986D-F17B32CC8422}"
EndProject
Global
	GlobalSection(SolutionConfigurationPlatforms) = preSolution
		Debug|Any CPU = Debug|Any CPU
		Release|Any CPU = Release|Any CPU
	EndGlobalSection
	GlobalSection(ProjectConfigurationPlatforms) = postSolution
		{48A1B186-7E08-4E4A-986D-F17B32CC8422}.Debug|Any CPU.ActiveCfg = Debug|Any CPU
		{48A1B186-7E08-4E4A-986D-F17B32CC8422}.Debug|Any CPU.Build.0 = Debug|Any CPU
		{48A1B186-7E08-4E4A-986D-F17B32CC8422}.Release|Any CPU.ActiveCfg = Release|Any CPU
		{48A1B186-7E08-4E4A-986D-F17B32CC8422}.Release|Any CPU.Build.0 = Release|Any CPU
	EndGlobalSection
	GlobalSection(SolutionProperties) = preSolution
		HideSolutionNode = FALSE
	EndGlobalSection
	GlobalSection(ExtensibilityGlobals) = postSolution
		SolutionGuid = {08D6526C-8A3B-4BCC-BEA9-8A96395AB87F}
	EndGlobalSection
EndGlobal
